{
  "name": "wing-font-ppt-addin",
  "lockfileVersion": 3,
  "requires": true,
  "packages": {
    "": {
      "name": "wing-font-ppt-addin",
      "hasInstallScript": true,
      "dependencies": {
        "harfbuzzjs": "1.6.2",
        "wawoff2": "2.0.1"
      }
    },
    "node_modules/argparse": {
      "version": "2.0.1",
      "resolved": "https://registry.npmjs.org/argparse/-/argparse-2.0.1.tgz",
      "integrity": "sha512-8+9WqebbFzpX9OR+Wa6O29asIogeRMzcGtAINdpMHHyAg10f05aSFVBbcEqGf/PXw1EjAZ+q2/bEBg3DvurK3Q==",
      "license": "Python-2.0"
    },
    "node_modules/harfbuzzjs": {
      "version": "1.6.2",
      "resolved": "https://registry.npmjs.org/harfbuzzjs/-/harfbuzzjs-1.6.2.tgz",
      "integrity": "sha512-95c1vWuzoHjM19d5fQgPbz1wcv1pTa0UM9dZrdPgSMUEVuSwuzeVPkq6UhHHw3jLOkE9AYzzTP8XQkRBpPYpEg==",
      "license": "MIT"
    },
    "node_modules/wawoff2": {
      "version": "2.0.1",
      "resolved": "https://registry.npmjs.org/wawoff2/-/wawoff2-2.0.1.tgz",
      "integrity": "sha512-r0CEmvpH63r4T15ebFqeOjGqU4+EgTx4I510NtK35EMciSdcTxCw3Byy3JnBonz7iyIFZ0AbVo0bbFpEVuhCYA==",
      "license": "MIT",
      "dependencies": {
        "argparse": "^2.0.1"
      },
      "bin": {
        "woff2_compress.js": "bin/woff2_compress.js",
        "woff2_decompress.js": "bin/woff2_decompress.js"
      }
    }
  }
}
